
Microsoft Visual Studio Solution File, Format Version 12.00
# Visual Studio Version 16
VisualStudioVersion = 16.0.31019.35
MinimumVisualStudioVersion = 10.0.40219.1
Project("{FAE04EC0-301F-11D3-BF4B-00C04F79EFBC}") = "TeslaStock.Server", "TeslaStock\Server\TeslaStock.Server.csproj", "{C88C1716-128E-4301-98F7-EB01F4DA677D}"
EndProject
Project("{FAE04EC0-301F-11D3-BF4B-00C04F79EFBC}") = "TeslaStock.Client", "TeslaStock\Client\TeslaStock.Client.csproj", "{953DC660-8856-4841-AEEE-1549C6476C26}"
EndProject
Project("{FAE04EC0-301F-11D3-BF4B-00C04F79EFBC}") = "TeslaStock.Shared", "TeslaStock\Shared\TeslaStock.Shared.csproj", "{3539ED99-92E3-414E-BE90-BB31DAC10B0E}"
EndProject
Global
	GlobalSection(SolutionConfigurationPlatforms) = preSolution
		Debug|Any CPU = Debug|Any CPU
		Release|Any CPU = Release|Any CPU
	EndGlobalSection
	GlobalSection(ProjectConfigurationPlatforms) = postSolution
		{C88C1716-128E-4301-98F7-EB01F4DA677D}.Debug|Any CPU.ActiveCfg = Debug|Any CPU
		{C88C1716-128E-4301-98F7-EB01F4DA677D}.Debug|Any CPU.Build.0 = Debug|Any CPU
		{C88C1716-128E-4301-98F7-EB01F4DA677D}.Release|Any CPU.ActiveCfg = Release|Any CPU
		{C88C1716-128E-4301-98F7-EB01F4DA677D}.Release|Any CPU.Build.0 = Release|Any CPU
		{953DC660-8856-4841-AEEE-1549C6476C26}.Debug|Any CPU.ActiveCfg = Debug|Any CPU
		{953DC660-8856-4841-AEEE-1549C6476C26}.Debug|Any CPU.Build.0 = Debug|Any CPU
		{953DC660-8856-4841-AEEE-1549C6476C26}.Release|Any CPU.ActiveCfg = Release|Any CPU
		{953DC660-8856-4841-AEEE-1549C6476C26}.Release|Any CPU.Build.0 = Release|Any CPU
		{3539ED99-92E3-414E-BE90-BB31DAC10B0E}.Debug|Any CPU.ActiveCfg = Debug|Any CPU
		{3539ED99-92E3-414E-BE90-BB31DAC10B0E}.Debug|Any CPU.Build.0 = Debug|Any CPU
		{3539ED99-92E3-414E-BE90-BB31DAC10B0E}.Release|Any CPU.ActiveCfg = Release|Any CPU
		{3539ED99-92E3-414E-BE90-BB31DAC10B0E}.Release|Any CPU.Build.0 = Release|Any CPU
	EndGlobalSection
	GlobalSection(SolutionProperties) = preSolution
		HideSolutionNode = FALSE
	EndGlobalSection
	GlobalSection(ExtensibilityGlobals) = postSolution
		SolutionGuid = {FBB80D7C-057D-461A-932D-958D8110383F}
	EndGlobalSection
EndGlobal
